
Microsoft Visual Studio Solution File, Format Version 12.00
# Visual Studio 15
VisualStudioVersion = 15.0.28307.329
MinimumVisualStudioVersion = 10.0.40219.1
Project("{9A19103F-16F7-4668-BE54-9A1E7A4F7556}") = "GalaxySync", "GalaxySync.csproj", "{D4AB7F93-8477-4153-A5A5-B4712D600E26}"
EndProject
Global
	GlobalSection(SolutionConfigurationPlatforms) = preSolution
		Debug|Any CPU = Debug|Any CPU
		Release|Any CPU = Release|Any CPU
	EndGlobalSection
	GlobalSection(ProjectConfigurationPlatforms) = postSolution
		{D4AB7F93-8477-4153-A5A5-B4712D600E26}.Debug|Any CPU.ActiveCfg = Debug|Any CPU
		{D4AB7F93-8477-4153-A5A5-B4712D600E26}.Debug|Any CPU.Build.0 = Debug|Any CPU
		{D4AB7F93-8477-4153-A5A5-B4712D600E26}.Release|Any CPU.ActiveCfg = Release|Any CPU
		{D4AB7F93-8477-4153-A5A5-B4712D600E26}.Release|Any CPU.Build.0 = Release|Any CPU
	EndGlobalSection
	GlobalSection(SolutionProperties) = preSolution
		HideSolutionNode = FALSE
	EndGlobalSection
	GlobalSection(ExtensibilityGlobals) = postSolution
		SolutionGuid = {52ED0C1B-C701-4324-8CA8-1500927240D8}
	EndGlobalSection
EndGlobal
